# This file is generated by running "yarn install" inside your project.
# Manual changes might be lost - proceed with caution!

__metadata:
  version: 5
  cacheKey: 8

"@cspotcode/source-map-consumer@npm:0.8.0":
  version: 0.8.0
  resolution: "@cspotcode/source-map-consumer@npm:0.8.0"
  checksum: c0c16ca3d2f58898f1bd74c4f41a189dbcc202e642e60e489cbcc2e52419c4e89bdead02c886a12fb13ea37798ede9e562b2321df997ebc210ae9bd881561b4e
  languageName: node
  linkType: hard

"@cspotcode/source-map-support@npm:0.7.0":
  version: 0.7.0
  resolution: "@cspotcode/source-map-support@npm:0.7.0"
  dependencies:
    "@cspotcode/source-map-consumer": 0.8.0
  checksum: 9faddda7757cd778b5fd6812137b2cc265810043680d6399acc20441668fafcdc874053be9dccd0d9110087287bfad27eb3bf342f72bceca9aa9059f5d0c4be8
  languageName: node
  linkType: hard

"@envelop/core@npm:^1.7.1":
  version: 1.7.1
  resolution: "@envelop/core@npm:1.7.1"
  dependencies:
    "@envelop/types": 1.5.1
  peerDependencies:
    graphql: ^14.0.0 || ^15.0.0 || ^16.0.0
  checksum: 48259a8dd6171a3381d8522f7230b32c2bae2dc43eb015781562bc83ac2465b2e2aa9fb95cae007bd58869d591cfdc5db632ddc2963084ed82049763ccb85105
  languageName: node
  linkType: hard

"@envelop/types@npm:1.5.1":
  version: 1.5.1
  resolution: "@envelop/types@npm:1.5.1"
  peerDependencies:
    graphql: ^14.0.0 || ^15.0.0 || ^16.0.0
  checksum: 2344e87ceafc3191d95b59bbb4973c8e826ebc36412ecbc7776f11ab52daadcd9fb7916cf4f61b2f3f4f65358852203b9d319ce9741a6d92f07537082c640412
  languageName: node
  linkType: hard

"@graphql-tools/merge@npm:^8.2.1":
  version: 8.2.1
  resolution: "@graphql-tools/merge@npm:8.2.1"
  dependencies:
    "@graphql-tools/utils": ^8.5.1
    tslib: ~2.3.0
  peerDependencies:
    graphql: ^14.0.0 || ^15.0.0 || ^16.0.0
  checksum: b2c126fc697ad1cf0fb2c09d3766d791ba6243a318edfa24932b558628244f822b9454bd47cd98f5a7eee90caca264573695c582e10730b7a67785fea21c346c
  languageName: node
  linkType: hard

"@graphql-tools/schema@npm:^8.3.1":
  version: 8.3.1
  resolution: "@graphql-tools/schema@npm:8.3.1"
  dependencies:
    "@graphql-tools/merge": ^8.2.1
    "@graphql-tools/utils": ^8.5.1
    tslib: ~2.3.0
    value-or-promise: 1.0.11
  peerDependencies:
    graphql: ^14.0.0 || ^15.0.0 || ^16.0.0
  checksum: 5fd6dbd3f4e92fd1b9a627e04b339bf2a4564768299e45576f79df70e167c3ec6c822576c37b3ba6537e2dd561b3b445b322bc90b205389260b7084fe777f5d4
  languageName: node
  linkType: hard

"@graphql-tools/utils@npm:^8.5.1":
  version: 8.6.1
  resolution: "@graphql-tools/utils@npm:8.6.1"
  dependencies:
    tslib: ~2.3.0
  peerDependencies:
    graphql: ^14.0.0 || ^15.0.0 || ^16.0.0
  checksum: 1286a2a6160f32038aff4b6cb9da1c844fc2762eec4e6e224238583cf890f335586dccd82cba4bd4e6f50678a6acd678c7043c1bb0d63c4c05c7fd5aa0e177ec
  languageName: node
  linkType: hard

"@gthau/graphql-error-handling-with-union-and-fpts@workspace:.":
  version: 0.0.0-use.local
  resolution: "@gthau/graphql-error-handling-with-union-and-fpts@workspace:."
  dependencies:
    "@envelop/core": ^1.7.1
    "@graphql-tools/schema": ^8.3.1
    "@types/node": 15.6.1
    graphql: 16.2.0
    ts-node: ^10.4.0
    typescript: 4.5.4
  languageName: unknown
  linkType: soft

"@tsconfig/node10@npm:^1.0.7":
  version: 1.0.8
  resolution: "@tsconfig/node10@npm:1.0.8"
  checksum: b8d5fffbc6b17ef64ef74f7fdbccee02a809a063ade785c3648dae59406bc207f70ea2c4296f92749b33019fa36a5ae716e42e49cc7f1bbf0fd147be0d6b970a
  languageName: node
  linkType: hard

"@tsconfig/node12@npm:^1.0.7":
  version: 1.0.9
  resolution: "@tsconfig/node12@npm:1.0.9"
  checksum: a01b2400ab3582b86b589c6d31dcd0c0656f333adecde85d6d7d4086adb059808b82692380bb169546d189bf771ae21d02544a75b57bd6da4a5dd95f8567bec9
  languageName: node
  linkType: hard

"@tsconfig/node14@npm:^1.0.0":
  version: 1.0.1
  resolution: "@tsconfig/node14@npm:1.0.1"
  checksum: 976345e896c0f059867f94f8d0f6ddb8b1844fb62bf36b727de8a9a68f024857e5db97ed51d3325e23e0616a5e48c034ff51a8d595b3fe7e955f3587540489be
  languageName: node
  linkType: hard

"@tsconfig/node16@npm:^1.0.2":
  version: 1.0.2
  resolution: "@tsconfig/node16@npm:1.0.2"
  checksum: ca94d3639714672bbfd55f03521d3f56bb6a25479bd425da81faf21f13e1e9d15f40f97377dedbbf477a5841c5b0c8f4cd1b391f33553d750b9202c54c2c07aa
  languageName: node
  linkType: hard

"@types/node@npm:15.6.1":
  version: 15.6.1
  resolution: "@types/node@npm:15.6.1"
  checksum: 8ed16d4f7404203d3aade0b73e58c969fab4a721cfe637eff9b739f6b25a35e33dfe9e0961b9ac5994d629302faa977f8ee8931d09187a136875f966332cc552
  languageName: node
  linkType: hard

"acorn-walk@npm:^8.1.1":
  version: 8.2.0
  resolution: "acorn-walk@npm:8.2.0"
  checksum: 1715e76c01dd7b2d4ca472f9c58968516a4899378a63ad5b6c2d668bba8da21a71976c14ec5f5b75f887b6317c4ae0b897ab141c831d741dc76024d8745f1ad1
  languageName: node
  linkType: hard

"acorn@npm:^8.4.1":
  version: 8.7.0
  resolution: "acorn@npm:8.7.0"
  bin:
    acorn: bin/acorn
  checksum: e0f79409d68923fbf1aa6d4166f3eedc47955320d25c89a20cc822e6ba7c48c5963d5bc657bc242d68f7a4ac9faf96eef033e8f73656da6c640d4219935fdfd0
  languageName: node
  linkType: hard

"arg@npm:^4.1.0":
  version: 4.1.3
  resolution: "arg@npm:4.1.3"
  checksum: 544af8dd3f60546d3e4aff084d451b96961d2267d668670199692f8d054f0415d86fc5497d0e641e91546f0aa920e7c29e5250e99fc89f5552a34b5d93b77f43
  languageName: node
  linkType: hard

"create-require@npm:^1.1.0":
  version: 1.1.1
  resolution: "create-require@npm:1.1.1"
  checksum: a9a1503d4390d8b59ad86f4607de7870b39cad43d929813599a23714831e81c520bddf61bcdd1f8e30f05fd3a2b71ae8538e946eb2786dc65c2bbc520f692eff
  languageName: node
  linkType: hard

"diff@npm:^4.0.1":
  version: 4.0.2
  resolution: "diff@npm:4.0.2"
  checksum: f2c09b0ce4e6b301c221addd83bf3f454c0bc00caa3dd837cf6c127d6edf7223aa2bbe3b688feea110b7f262adbfc845b757c44c8a9f8c0c5b15d8fa9ce9d20d
  languageName: node
  linkType: hard

"graphql@npm:16.2.0":
  version: 16.2.0
  resolution: "graphql@npm:16.2.0"
  checksum: 204b5c9991b82561651a28b13dbb2e0e67514171a6a8c045ca4a527b944087344a14519d0426d661b49f2305584b390591abadc82b942f7b65e64e05cb31a584
  languageName: node
  linkType: hard

"make-error@npm:^1.1.1":
  version: 1.3.6
  resolution: "make-error@npm:1.3.6"
  checksum: b86e5e0e25f7f777b77fabd8e2cbf15737972869d852a22b7e73c17623928fccb826d8e46b9951501d3f20e51ad74ba8c59ed584f610526a48f8ccf88aaec402
  languageName: node
  linkType: hard

"ts-node@npm:^10.4.0":
  version: 10.4.0
  resolution: "ts-node@npm:10.4.0"
  dependencies:
    "@cspotcode/source-map-support": 0.7.0
    "@tsconfig/node10": ^1.0.7
    "@tsconfig/node12": ^1.0.7
    "@tsconfig/node14": ^1.0.0
    "@tsconfig/node16": ^1.0.2
    acorn: ^8.4.1
    acorn-walk: ^8.1.1
    arg: ^4.1.0
    create-require: ^1.1.0
    diff: ^4.0.1
    make-error: ^1.1.1
    yn: 3.1.1
  peerDependencies:
    "@swc/core": ">=1.2.50"
    "@swc/wasm": ">=1.2.50"
    "@types/node": "*"
    typescript: ">=2.7"
  peerDependenciesMeta:
    "@swc/core":
      optional: true
    "@swc/wasm":
      optional: true
  bin:
    ts-node: dist/bin.js
    ts-node-cwd: dist/bin-cwd.js
    ts-node-script: dist/bin-script.js
    ts-node-transpile-only: dist/bin-transpile.js
    ts-script: dist/bin-script-deprecated.js
  checksum: 3933ac0a937d33c45e04a6750fcdd3e765eb2897d1da1307cd97ac52af093bcfb632ec0453a75000a65c8b5b7bdb32b1077050a186dcc556e62657cb592e6d49
  languageName: node
  linkType: hard

"tslib@npm:~2.3.0":
  version: 2.3.1
  resolution: "tslib@npm:2.3.1"
  checksum: de17a98d4614481f7fcb5cd53ffc1aaf8654313be0291e1bfaee4b4bb31a20494b7d218ff2e15017883e8ea9626599b3b0e0229c18383ba9dce89da2adf15cb9
  languageName: node
  linkType: hard

"typescript@npm:4.5.4":
  version: 4.5.4
  resolution: "typescript@npm:4.5.4"
  bin:
    tsc: bin/tsc
    tsserver: bin/tsserver
  checksum: 59f3243f9cd6fe3161e6150ff6bf795fc843b4234a655dbd938a310515e0d61afd1ac942799e7415e4334255e41c2c49b7dd5d9fd38a17acd25a6779ca7e0961
  languageName: node
  linkType: hard

"typescript@patch:typescript@4.5.4#~builtin<compat/typescript>":
  version: 4.5.4
  resolution: "typescript@patch:typescript@npm%3A4.5.4#~builtin<compat/typescript>::version=4.5.4&hash=493e53"
  bin:
    tsc: bin/tsc
    tsserver: bin/tsserver
  checksum: 2e488dde7d2c4a2fa2e79cf2470600f8ce81bc0563c276b72df8ff412d74456ae532ba824650ae936ce207440c79720ddcfaa25e3cb4477572b8534fa4e34d49
  languageName: node
  linkType: hard

"value-or-promise@npm:1.0.11":
  version: 1.0.11
  resolution: "value-or-promise@npm:1.0.11"
  checksum: 13f8f2ef620118c73b4d1beee8ce6045d7182bbf15090ecfbcafb677ec43698506a5e9ace6bea5ea35c32bc612c9b1f824bb59b6581cdfb5c919052745c277d5
  languageName: node
  linkType: hard

"yn@npm:3.1.1":
  version: 3.1.1
  resolution: "yn@npm:3.1.1"
  checksum: 2c487b0e149e746ef48cda9f8bad10fc83693cd69d7f9dcd8be4214e985de33a29c9e24f3c0d6bcf2288427040a8947406ab27f7af67ee9456e6b84854f02dd6
  languageName: node
  linkType: hard
